
Microsoft Visual Studio Solution File, Format Version 12.00
# Visual Studio Version 17
VisualStudioVersion = 17.13.35931.197 d17.13
MinimumVisualStudioVersion = 10.0.40219.1
Project("{FAE04EC0-301F-11D3-BF4B-00C04F79EFBC}") = "DVLD_PersentationLayer", "DVLD_PersentationLayer.csproj", "{06E6FC3E-D4A7-41F0-93C8-17161DC14C51}"
EndProject
Project("{FAE04EC0-301F-11D3-BF4B-00C04F79EFBC}") = "DVLD_BusinessLayer", "..\DVLD_BusinessLayer\DVLD_BusinessLayer.csproj", "{BCBBCD2C-3A42-485D-8442-B799681ED844}"
EndProject
Project("{FAE04EC0-301F-11D3-BF4B-00C04F79EFBC}") = "DVLD_DataAccessLayer", "..\DVLD_DataAccessLayer\DVLD_DataAccessLayer.csproj", "{0CAEEEE1-8285-4582-B8D1-2FC8CEA3808D}"
EndProject
Global
	GlobalSection(SolutionConfigurationPlatforms) = preSolution
		Debug|Any CPU = Debug|Any CPU
		Release|Any CPU = Release|Any CPU
	EndGlobalSection
	GlobalSection(ProjectConfigurationPlatforms) = postSolution
		{06E6FC3E-D4A7-41F0-93C8-17161DC14C51}.Debug|Any CPU.ActiveCfg = Debug|Any CPU
		{06E6FC3E-D4A7-41F0-93C8-17161DC14C51}.Debug|Any CPU.Build.0 = Debug|Any CPU
		{06E6FC3E-D4A7-41F0-93C8-17161DC14C51}.Release|Any CPU.ActiveCfg = Release|Any CPU
		{06E6FC3E-D4A7-41F0-93C8-17161DC14C51}.Release|Any CPU.Build.0 = Release|Any CPU
		{BCBBCD2C-3A42-485D-8442-B799681ED844}.Debug|Any CPU.ActiveCfg = Debug|Any CPU
		{BCBBCD2C-3A42-485D-8442-B799681ED844}.Debug|Any CPU.Build.0 = Debug|Any CPU
		{BCBBCD2C-3A42-485D-8442-B799681ED844}.Release|Any CPU.ActiveCfg = Release|Any CPU
		{BCBBCD2C-3A42-485D-8442-B799681ED844}.Release|Any CPU.Build.0 = Release|Any CPU
		{0CAEEEE1-8285-4582-B8D1-2FC8CEA3808D}.Debug|Any CPU.ActiveCfg = Debug|Any CPU
		{0CAEEEE1-8285-4582-B8D1-2FC8CEA3808D}.Debug|Any CPU.Build.0 = Debug|Any CPU
		{0CAEEEE1-8285-4582-B8D1-2FC8CEA3808D}.Release|Any CPU.ActiveCfg = Release|Any CPU
		{0CAEEEE1-8285-4582-B8D1-2FC8CEA3808D}.Release|Any CPU.Build.0 = Release|Any CPU
	EndGlobalSection
	GlobalSection(SolutionProperties) = preSolution
		HideSolutionNode = FALSE
	EndGlobalSection
	GlobalSection(ExtensibilityGlobals) = postSolution
		SolutionGuid = {4874583F-4532-44EF-862F-7FA8F7B35084}
	EndGlobalSection
EndGlobal
